// !$*UTF8*$!
{
	archiveVersion = 1;
	classes = {
	};
	objectVersion = 56;
	objects = {

/* Begin PBXBuildFile section */
		AA1A1A1A1A1A1A1A1A1A1A1A /* AppDelegate.swift in Sources */ = {isa = PBXBuildFile; fileRef = BB1A1A1A1A1A1A1A1A1A1A19 /* AppDelegate.swift */; };
		AA1A1A1A1A1A1A1A1A1A1A1C /* main.swift in Sources */ = {isa = PBXBuildFile; fileRef = BB1A1A1A1A1A1A1A1A1A1A1B /* main.swift */; };
		AA1A1A1A1A1A1A1A1A1A1A1E /* Assets.xcassets in Resources */ = {isa = PBXBuildFile; fileRef = BB1A1A1A1A1A1A1A1A1A1A1D /* Assets.xcassets */; };
		AA1A1A1A1A1A1A1A1A1A1A21 /* Main.storyboard in Resources */ = {isa = PBXBuildFile; fileRef = BB1A1A1A1A1A1A1A1A1A1A1F /* Main.storyboard */; };
		AA1A1A1A1A1A1A1A1A1A1A25 /* MainViewController.swift in Sources */ = {isa = PBXBuildFile; fileRef = BB1A1A1A1A1A1A1A1A1A1A24 /* MainViewController.swift */; };
		AA1A1A1A1A1A1A1A1A1A1A27 /* TrackerBridge.swift in Sources */ = {isa = PBXBuildFile; fileRef = BB1A1A1A1A1A1A1A1A1A1A26 /* TrackerBridge.swift */; };
		AA1A1A1A1A1A1A1A1A1A1A29 /* SessionListViewController.swift in Sources */ = {isa = PBXBuildFile; fileRef = BB1A1A1A1A1A1A1A1A1A1A28 /* SessionListViewController.swift */; };
		AA1A1A1A1A1A1A1A1A1A1A2B /* SessionDetailViewController.swift in Sources */ = {isa = PBXBuildFile; fileRef = BB1A1A1A1A1A1A1A1A1A1A2A /* SessionDetailViewController.swift */; };
		AA1A1A1A1A1A1A1A1A1A1A2D /* AdminViewController.swift in Sources */ = {isa = PBXBuildFile; fileRef = BB1A1A1A1A1A1A1A1A1A1A2C /* AdminViewController.swift */; };
		AA1A1A1A1A1A1A1A1A1A1A2F /* ScreenRecorder.swift in Sources */ = {isa = PBXBuildFile; fileRef = BB1A1A1A1A1A1A1A1A1A1A2E /* ScreenRecorder.swift */; };
		AA1A1A1A1A1A1A1A1A1A1A31 /* AnnotationOverlay.swift in Sources */ = {isa = PBXBuildFile; fileRef = BB1A1A1A1A1A1A1A1A1A1A30 /* AnnotationOverlay.swift */; };
		AA1A1A1A1A1A1A1A1A1A1A33 /* VoiceOverIntegration.swift in Sources */ = {isa = PBXBuildFile; fileRef = BB1A1A1A1A1A1A1A1A1A1A32 /* VoiceOverIntegration.swift */; };
/* End PBXBuildFile section */

/* Begin PBXFileReference section */
		CC1A1A1A1A1A1A1A1A1A1A16 /* TrackerA11yApp.app */ = {isa = PBXFileReference; explicitFileType = wrapper.application; includeInIndex = 0; path = TrackerA11yApp.app; sourceTree = BUILT_PRODUCTS_DIR; };
		BB1A1A1A1A1A1A1A1A1A1A19 /* AppDelegate.swift */ = {isa = PBXFileReference; lastKnownFileType = sourcecode.swift; path = AppDelegate.swift; sourceTree = "<group>"; };
		BB1A1A1A1A1A1A1A1A1A1A1B /* main.swift */ = {isa = PBXFileReference; lastKnownFileType = sourcecode.swift; path = main.swift; sourceTree = "<group>"; };
		BB1A1A1A1A1A1A1A1A1A1A1D /* Assets.xcassets */ = {isa = PBXFileReference; lastKnownFileType = folder.assetcatalog; path = Assets.xcassets; sourceTree = "<group>"; };
		BB1A1A1A1A1A1A1A1A1A1A20 /* Base */ = {isa = PBXFileReference; lastKnownFileType = file.storyboard; name = Base; path = Base.lproj/Main.storyboard; sourceTree = "<group>"; };
		BB1A1A1A1A1A1A1A1A1A1A22 /* Info.plist */ = {isa = PBXFileReference; lastKnownFileType = text.plist.xml; path = Info.plist; sourceTree = "<group>"; };
		BB1A1A1A1A1A1A1A1A1A1A23 /* TrackerA11y.entitlements */ = {isa = PBXFileReference; lastKnownFileType = text.plist.entitlements; path = TrackerA11y.entitlements; sourceTree = "<group>"; };
		BB1A1A1A1A1A1A1A1A1A1A24 /* MainViewController.swift */ = {isa = PBXFileReference; lastKnownFileType = sourcecode.swift; path = MainViewController.swift; sourceTree = "<group>"; };
		BB1A1A1A1A1A1A1A1A1A1A26 /* TrackerBridge.swift */ = {isa = PBXFileReference; lastKnownFileType = sourcecode.swift; path = TrackerBridge.swift; sourceTree = "<group>"; };
		BB1A1A1A1A1A1A1A1A1A1A28 /* SessionListViewController.swift */ = {isa = PBXFileReference; lastKnownFileType = sourcecode.swift; path = SessionListViewController.swift; sourceTree = "<group>"; };
		BB1A1A1A1A1A1A1A1A1A1A2A /* SessionDetailViewController.swift */ = {isa = PBXFileReference; lastKnownFileType = sourcecode.swift; path = SessionDetailViewController.swift; sourceTree = "<group>"; };
		BB1A1A1A1A1A1A1A1A1A1A2C /* AdminViewController.swift */ = {isa = PBXFileReference; lastKnownFileType = sourcecode.swift; path = AdminViewController.swift; sourceTree = "<group>"; };
		BB1A1A1A1A1A1A1A1A1A1A2E /* ScreenRecorder.swift */ = {isa = PBXFileReference; lastKnownFileType = sourcecode.swift; path = ScreenRecorder.swift; sourceTree = "<group>"; };
		BB1A1A1A1A1A1A1A1A1A1A30 /* AnnotationOverlay.swift */ = {isa = PBXFileReference; lastKnownFileType = sourcecode.swift; path = AnnotationOverlay.swift; sourceTree = "<group>"; };
		BB1A1A1A1A1A1A1A1A1A1A32 /* VoiceOverIntegration.swift */ = {isa = PBXFileReference; lastKnownFileType = sourcecode.swift; path = VoiceOverIntegration.swift; sourceTree = "<group>"; };
/* End PBXFileReference section */

/* Begin PBXFrameworksBuildPhase section */
		DD1A1A1A1A1A1A1A1A1A1A13 /* Frameworks */ = {
			isa = PBXFrameworksBuildPhase;
			buildActionMask = 2147483647;
			files = (
			);
			runOnlyForDeploymentPostprocessing = 0;
		};
/* End PBXFrameworksBuildPhase section */

/* Begin PBXGroup section */
		EE1A1A1A1A1A1A1A1A1A1A0D /* TrackerA11yApp */ = {
			isa = PBXGroup;
			children = (
				FF1A1A1A1A1A1A1A1A1A1A17 /* TrackerA11y */,
				GG1A1A1A1A1A1A1A1A1A1A14 /* Products */,
			);
			sourceTree = "<group>";
		};
		GG1A1A1A1A1A1A1A1A1A1A14 /* Products */ = {
			isa = PBXGroup;
			children = (
				CC1A1A1A1A1A1A1A1A1A1A16 /* TrackerA11yApp.app */,
			);
			name = Products;
			sourceTree = "<group>";
		};
		FF1A1A1A1A1A1A1A1A1A1A17 /* TrackerA11y */ = {
			isa = PBXGroup;
			children = (
				BB1A1A1A1A1A1A1A1A1A1A19 /* AppDelegate.swift */,
				BB1A1A1A1A1A1A1A1A1A1A24 /* MainViewController.swift */,
				BB1A1A1A1A1A1A1A1A1A1A26 /* TrackerBridge.swift */,
				BB1A1A1A1A1A1A1A1A1A1A28 /* SessionListViewController.swift */,
				BB1A1A1A1A1A1A1A1A1A1A2A /* SessionDetailViewController.swift */,
				BB1A1A1A1A1A1A1A1A1A1A2C /* AdminViewController.swift */,
				BB1A1A1A1A1A1A1A1A1A1A2E /* ScreenRecorder.swift */,
				BB1A1A1A1A1A1A1A1A1A1A30 /* AnnotationOverlay.swift */,
				BB1A1A1A1A1A1A1A1A1A1A32 /* VoiceOverIntegration.swift */,
				BB1A1A1A1A1A1A1A1A1A1A1B /* main.swift */,
				BB1A1A1A1A1A1A1A1A1A1A1D /* Assets.xcassets */,
				BB1A1A1A1A1A1A1A1A1A1A1F /* Main.storyboard */,
				BB1A1A1A1A1A1A1A1A1A1A22 /* Info.plist */,
				BB1A1A1A1A1A1A1A1A1A1A23 /* TrackerA11y.entitlements */,
			);
			path = TrackerA11y;
			sourceTree = "<group>";
		};
/* End PBXGroup section */

/* Begin PBXNativeTarget section */
		HH1A1A1A1A1A1A1A1A1A1A15 /* TrackerA11yApp */ = {
			isa = PBXNativeTarget;
			buildConfigurationList = II1A1A1A1A1A1A1A1A1A1A2D /* Build configuration list for PBXNativeTarget "TrackerA11yApp" */;
			buildPhases = (
				JJ1A1A1A1A1A1A1A1A1A1A12 /* Sources */,
				DD1A1A1A1A1A1A1A1A1A1A13 /* Frameworks */,
				KK1A1A1A1A1A1A1A1A1A1A14 /* Resources */,
			);
			buildRules = (
			);
			dependencies = (
			);
			name = TrackerA11yApp;
			productName = TrackerA11yApp;
			productReference = CC1A1A1A1A1A1A1A1A1A1A16 /* TrackerA11yApp.app */;
			productType = "com.apple.product-type.application";
		};
/* End PBXNativeTarget section */

/* Begin PBXProject section */
		LL1A1A1A1A1A1A1A1A1A1A0E /* Project object */ = {
			isa = PBXProject;
			attributes = {
				BuildIndependentTargetsInParallel = 1;
				LastSwiftUpdateCheck = 1500;
				LastUpgradeCheck = 1500;
				TargetAttributes = {
					HH1A1A1A1A1A1A1A1A1A1A15 = {
						CreatedOnToolsVersion = 15.0;
					};
				};
			};
			buildConfigurationList = MM1A1A1A1A1A1A1A1A1A1A11 /* Build configuration list for PBXProject "TrackerA11yApp" */;
			compatibilityVersion = "Xcode 14.0";
			developmentRegion = en;
			hasScannedForEncodings = 0;
			knownRegions = (
				en,
				Base,
			);
			mainGroup = EE1A1A1A1A1A1A1A1A1A1A0D /* TrackerA11yApp */;
			productRefGroup = GG1A1A1A1A1A1A1A1A1A1A14 /* Products */;
			projectDirPath = "";
			projectRoot = "";
			targets = (
				HH1A1A1A1A1A1A1A1A1A1A15 /* TrackerA11yApp */,
			);
		};
/* End PBXProject section */

/* Begin PBXResourcesBuildPhase section */
		KK1A1A1A1A1A1A1A1A1A1A14 /* Resources */ = {
			isa = PBXResourcesBuildPhase;
			buildActionMask = 2147483647;
			files = (
				AA1A1A1A1A1A1A1A1A1A1A1E /* Assets.xcassets in Resources */,
				AA1A1A1A1A1A1A1A1A1A1A21 /* Main.storyboard in Resources */,
			);
			runOnlyForDeploymentPostprocessing = 0;
		};
/* End PBXResourcesBuildPhase section */

/* Begin PBXSourcesBuildPhase section */
		JJ1A1A1A1A1A1A1A1A1A1A12 /* Sources */ = {
			isa = PBXSourcesBuildPhase;
			buildActionMask = 2147483647;
			files = (
				AA1A1A1A1A1A1A1A1A1A1A1A /* AppDelegate.swift in Sources */,
				AA1A1A1A1A1A1A1A1A1A1A25 /* MainViewController.swift in Sources */,
				AA1A1A1A1A1A1A1A1A1A1A27 /* TrackerBridge.swift in Sources */,
				AA1A1A1A1A1A1A1A1A1A1A29 /* SessionListViewController.swift in Sources */,
				AA1A1A1A1A1A1A1A1A1A1A2B /* SessionDetailViewController.swift in Sources */,
				AA1A1A1A1A1A1A1A1A1A1A2D /* AdminViewController.swift in Sources */,
				AA1A1A1A1A1A1A1A1A1A1A2F /* ScreenRecorder.swift in Sources */,
				AA1A1A1A1A1A1A1A1A1A1A31 /* AnnotationOverlay.swift in Sources */,
				AA1A1A1A1A1A1A1A1A1A1A33 /* VoiceOverIntegration.swift in Sources */,
				AA1A1A1A1A1A1A1A1A1A1A1C /* main.swift in Sources */,
			);
			runOnlyForDeploymentPostprocessing = 0;
		};
/* End PBXSourcesBuildPhase section */

/* Begin PBXVariantGroup section */
		BB1A1A1A1A1A1A1A1A1A1A1F /* Main.storyboard */ = {
			isa = PBXVariantGroup;
			children = (
				BB1A1A1A1A1A1A1A1A1A1A20 /* Base */,
			);
			name = Main.storyboard;
			sourceTree = "<group>";
		};
/* End PBXVariantGroup section */

/* Begin XCBuildConfiguration section */
		NN1A1A1A1A1A1A1A1A1A1A2C /* Debug */ = {
			isa = XCBuildConfiguration;
			buildSettings = {
				ALWAYS_SEARCH_USER_PATHS = NO;
				ASSETCATALOG_COMPILER_GENERATE_SWIFT_ASSET_SYMBOL_EXTENSIONS = YES;
				CLANG_ANALYZER_NONNULL = YES;
				CLANG_ANALYZER_NUMBER_OBJECT_CONVERSION = YES_AGGRESSIVE;
				CLANG_CXX_LANGUAGE_STANDARD = "gnu++20";
				CLANG_ENABLE_MODULES = YES;
				CLANG_ENABLE_OBJC_ARC = YES;
				CLANG_ENABLE_OBJC_WEAK = YES;
				CLANG_WARN_BLOCK_CAPTURE_AUTORELEASING = YES;
				CLANG_WARN_BOOL_CONVERSION = YES;
				CLANG_WARN_COMMA = YES;
				CLANG_WARN_CONSTANT_CONVERSION = YES;
				CLANG_WARN_DEPRECATED_OBJC_IMPLEMENTATIONS = YES;
				CLANG_WARN_DIRECT_OBJC_ISA_USAGE = YES_ERROR;
				CLANG_WARN_DOCUMENTATION_COMMENTS = YES;
				CLANG_WARN_EMPTY_BODY = YES;
				CLANG_WARN_ENUM_CONVERSION = YES;
				CLANG_WARN_INFINITE_RECURSION = YES;
				CLANG_WARN_INT_CONVERSION = YES;
				CLANG_WARN_NON_LITERAL_NULL_CONVERSION = YES;
				CLANG_WARN_OBJC_IMPLICIT_RETAIN_SELF = YES;
				CLANG_WARN_OBJC_LITERAL_CONVERSION = YES;
				CLANG_WARN_OBJC_ROOT_CLASS = YES_ERROR;
				CLANG_WARN_QUOTED_INCLUDE_IN_FRAMEWORK_HEADER = YES;
				CLANG_WARN_RANGE_LOOP_ANALYSIS = YES;
				CLANG_WARN_STRICT_PROTOTYPES = YES;
				CLANG_WARN_SUSPICIOUS_MOVE = YES;
				CLANG_WARN_UNGUARDED_AVAILABILITY = YES_AGGRESSIVE;
				CLANG_WARN_UNREACHABLE_CODE = YES;
				CLANG_WARN__DUPLICATE_METHOD_MATCH = YES;
				COPY_PHASE_STRIP = NO;
				DEBUG_INFORMATION_FORMAT = dwarf;
				ENABLE_STRICT_OBJC_MSGSEND = YES;
				ENABLE_TESTABILITY = YES;
				ENABLE_USER_SCRIPT_SANDBOXING = YES;
				GCC_C_LANGUAGE_STANDARD = gnu17;
				GCC_DYNAMIC_NO_PIC = NO;
				GCC_NO_COMMON_BLOCKS = YES;
				GCC_OPTIMIZATION_LEVEL = 0;
				GCC_PREPROCESSOR_DEFINITIONS = (
					"DEBUG=1",
					"$(inherited)",
				);
				GCC_WARN_64_TO_32_BIT_CONVERSION = YES;
				GCC_WARN_ABOUT_RETURN_TYPE = YES_ERROR;
				GCC_WARN_UNDECLARED_SELECTOR = YES;
				GCC_WARN_UNINITIALIZED_AUTOS = YES_AGGRESSIVE;
				GCC_WARN_UNUSED_FUNCTION = YES;
				GCC_WARN_UNUSED_VARIABLE = YES;
				LOCALIZATION_PREFERS_STRING_CATALOGS = YES;
				MACOSX_DEPLOYMENT_TARGET = 14.0;
				MTL_ENABLE_DEBUG_INFO = INCLUDE_SOURCE;
				MTL_FAST_MATH = YES;
				ONLY_ACTIVE_ARCH = YES;
				SDKROOT = macosx;
				SWIFT_ACTIVE_COMPILATION_CONDITIONS = "DEBUG $(inherited)";
				SWIFT_OPTIMIZATION_LEVEL = "-Onone";
			};
			name = Debug;
		};
		OO1A1A1A1A1A1A1A1A1A1A2D /* Release */ = {
			isa = XCBuildConfiguration;
			buildSettings = {
				ALWAYS_SEARCH_USER_PATHS = NO;
				ASSETCATALOG_COMPILER_GENERATE_SWIFT_ASSET_SYMBOL_EXTENSIONS = YES;
				CLANG_ANALYZER_NONNULL = YES;
				CLANG_ANALYZER_NUMBER_OBJECT_CONVERSION = YES_AGGRESSIVE;
				CLANG_CXX_LANGUAGE_STANDARD = "gnu++20";
				CLANG_ENABLE_MODULES = YES;
				CLANG_ENABLE_OBJC_ARC = YES;
				CLANG_ENABLE_OBJC_WEAK = YES;
				CLANG_WARN_BLOCK_CAPTURE_AUTORELEASING = YES;
				CLANG_WARN_BOOL_CONVERSION = YES;
				CLANG_WARN_COMMA = YES;
				CLANG_WARN_CONSTANT_CONVERSION = YES;
				CLANG_WARN_DEPRECATED_OBJC_IMPLEMENTATIONS = YES;
				CLANG_WARN_DIRECT_OBJC_ISA_USAGE = YES_ERROR;
				CLANG_WARN_DOCUMENTATION_COMMENTS = YES;
				CLANG_WARN_EMPTY_BODY = YES;
				CLANG_WARN_ENUM_CONVERSION = YES;
				CLANG_WARN_INFINITE_RECURSION = YES;
				CLANG_WARN_INT_CONVERSION = YES;
				CLANG_WARN_NON_LITERAL_NULL_CONVERSION = YES;
				CLANG_WARN_OBJC_IMPLICIT_RETAIN_SELF = YES;
				CLANG_WARN_OBJC_LITERAL_CONVERSION = YES;
				CLANG_WARN_OBJC_ROOT_CLASS = YES_ERROR;
				CLANG_WARN_QUOTED_INCLUDE_IN_FRAMEWORK_HEADER = YES;
				CLANG_WARN_RANGE_LOOP_ANALYSIS = YES;
				CLANG_WARN_STRICT_PROTOTYPES = YES;
				CLANG_WARN_SUSPICIOUS_MOVE = YES;
				CLANG_WARN_UNGUARDED_AVAILABILITY = YES_AGGRESSIVE;
				CLANG_WARN_UNREACHABLE_CODE = YES;
				CLANG_WARN__DUPLICATE_METHOD_MATCH = YES;
				COPY_PHASE_STRIP = NO;
				DEBUG_INFORMATION_FORMAT = "dwarf-with-dsym";
				ENABLE_NS_ASSERTIONS = NO;
				ENABLE_STRICT_OBJC_MSGSEND = YES;
				ENABLE_USER_SCRIPT_SANDBOXING = YES;
				GCC_C_LANGUAGE_STANDARD = gnu17;
				GCC_NO_COMMON_BLOCKS = YES;
				GCC_WARN_64_TO_32_BIT_CONVERSION = YES;
				GCC_WARN_ABOUT_RETURN_TYPE = YES_ERROR;
				GCC_WARN_UNDECLARED_SELECTOR = YES;
				GCC_WARN_UNINITIALIZED_AUTOS = YES_AGGRESSIVE;
				GCC_WARN_UNUSED_FUNCTION = YES;
				GCC_WARN_UNUSED_VARIABLE = YES;
				LOCALIZATION_PREFERS_STRING_CATALOGS = YES;
				MACOSX_DEPLOYMENT_TARGET = 14.0;
				MTL_ENABLE_DEBUG_INFO = NO;
				MTL_FAST_MATH = YES;
				SDKROOT = macosx;
				SWIFT_COMPILATION_MODE = wholemodule;
			};
			name = Release;
		};
		PP1A1A1A1A1A1A1A1A1A1A2E /* Debug */ = {
			isa = XCBuildConfiguration;
			buildSettings = {
				ASSETCATALOG_COMPILER_APPICON_NAME = AppIcon;
				ASSETCATALOG_COMPILER_GLOBAL_ACCENT_COLOR_NAME = AccentColor;
				CODE_SIGN_ENTITLEMENTS = TrackerA11y/TrackerA11y.entitlements;
				CODE_SIGN_STYLE = Automatic;
				COMBINE_HIDPI_IMAGES = YES;
				CURRENT_PROJECT_VERSION = 1;
				GENERATE_INFOPLIST_FILE = YES;
				INFOPLIST_FILE = TrackerA11y/Info.plist;
				INFOPLIST_KEY_NSHumanReadableCopyright = "";
				INFOPLIST_KEY_NSPrincipalClass = NSApplication;
				LD_RUNPATH_SEARCH_PATHS = (
					"$(inherited)",
					"@executable_path/../Frameworks",
				);
				MARKETING_VERSION = 1.0;
				PRODUCT_BUNDLE_IDENTIFIER = com.trackera11y.TrackerA11yApp;
				PRODUCT_NAME = "$(TARGET_NAME)";
				SWIFT_EMIT_LOC_STRINGS = YES;
				SWIFT_VERSION = 5.0;
			};
			name = Debug;
		};
		QQ1A1A1A1A1A1A1A1A1A1A2F /* Release */ = {
			isa = XCBuildConfiguration;
			buildSettings = {
				ASSETCATALOG_COMPILER_APPICON_NAME = AppIcon;
				ASSETCATALOG_COMPILER_GLOBAL_ACCENT_COLOR_NAME = AccentColor;
				CODE_SIGN_ENTITLEMENTS = TrackerA11y/TrackerA11y.entitlements;
				CODE_SIGN_STYLE = Automatic;
				COMBINE_HIDPI_IMAGES = YES;
				CURRENT_PROJECT_VERSION = 1;
				GENERATE_INFOPLIST_FILE = YES;
				INFOPLIST_FILE = TrackerA11y/Info.plist;
				INFOPLIST_KEY_NSHumanReadableCopyright = "";
				INFOPLIST_KEY_NSPrincipalClass = NSApplication;
				LD_RUNPATH_SEARCH_PATHS = (
					"$(inherited)",
					"@executable_path/../Frameworks",
				);
				MARKETING_VERSION = 1.0;
				PRODUCT_BUNDLE_IDENTIFIER = com.trackera11y.TrackerA11yApp;
				PRODUCT_NAME = "$(TARGET_NAME)";
				SWIFT_EMIT_LOC_STRINGS = YES;
				SWIFT_VERSION = 5.0;
			};
			name = Release;
		};
/* End XCBuildConfiguration section */

/* Begin XCConfigurationList section */
		MM1A1A1A1A1A1A1A1A1A1A11 /* Build configuration list for PBXProject "TrackerA11yApp" */ = {
			isa = XCConfigurationList;
			buildConfigurations = (
				NN1A1A1A1A1A1A1A1A1A1A2C /* Debug */,
				OO1A1A1A1A1A1A1A1A1A1A2D /* Release */,
			);
			defaultConfigurationIsVisible = 0;
			defaultConfigurationName = Release;
		};
		II1A1A1A1A1A1A1A1A1A1A2D /* Build configuration list for PBXNativeTarget "TrackerA11yApp" */ = {
			isa = XCConfigurationList;
			buildConfigurations = (
				PP1A1A1A1A1A1A1A1A1A1A2E /* Debug */,
				QQ1A1A1A1A1A1A1A1A1A1A2F /* Release */,
			);
			defaultConfigurationIsVisible = 0;
			defaultConfigurationName = Release;
		};
/* End XCConfigurationList section */
	};
	rootObject = LL1A1A1A1A1A1A1A1A1A1A0E /* Project object */;
}